// !$*UTF8*$!
{
	archiveVersion = 1;
	classes = {
	};
	objectVersion = 55;
	objects = {

/* Begin PBXBuildFile section */
		F29D957227A5DAFB00F09876 /* AppDelegate.swift in Sources */ = {isa = PBXBuildFile; fileRef = F29D957127A5DAFB00F09876 /* AppDelegate.swift */; };
		F29D957427A5DAFB00F09876 /* SceneDelegate.swift in Sources */ = {isa = PBXBuildFile; fileRef = F29D957327A5DAFB00F09876 /* SceneDelegate.swift */; };
		F29D957B27A5DAFC00F09876 /* Assets.xcassets in Resources */ = {isa = PBXBuildFile; fileRef = F29D957A27A5DAFC00F09876 /* Assets.xcassets */; };
		F29D957E27A5DAFC00F09876 /* LaunchScreen.storyboard in Resources */ = {isa = PBXBuildFile; fileRef = F29D957C27A5DAFC00F09876 /* LaunchScreen.storyboard */; };
		F29D958627A5DD8500F09876 /* DBTabBarController.swift in Sources */ = {isa = PBXBuildFile; fileRef = F29D958527A5DD8500F09876 /* DBTabBarController.swift */; };
		F29D958827A5E13000F09876 /* MealCategoryVC.swift in Sources */ = {isa = PBXBuildFile; fileRef = F29D958727A5E13000F09876 /* MealCategoryVC.swift */; };
		F29D958A27A5E25D00F09876 /* FavoritesListVC.swift in Sources */ = {isa = PBXBuildFile; fileRef = F29D958927A5E25D00F09876 /* FavoritesListVC.swift */; };
		F2FA54EC27A6546900D07E64 /* UIHelper.swift in Sources */ = {isa = PBXBuildFile; fileRef = F2FA54EB27A6546900D07E64 /* UIHelper.swift */; };
		F2FA54EF27A6566800D07E64 /* MealCategory.swift in Sources */ = {isa = PBXBuildFile; fileRef = F2FA54EE27A6566800D07E64 /* MealCategory.swift */; };
		F2FA54F227A656F400D07E64 /* NetworkManager.swift in Sources */ = {isa = PBXBuildFile; fileRef = F2FA54F127A656F400D07E64 /* NetworkManager.swift */; };
		F2FA54F527A65D3000D07E64 /* DBError.swift in Sources */ = {isa = PBXBuildFile; fileRef = F2FA54F427A65D3000D07E64 /* DBError.swift */; };
		F2FA54F727A6610F00D07E64 /* MealCategoryCell.swift in Sources */ = {isa = PBXBuildFile; fileRef = F2FA54F627A6610F00D07E64 /* MealCategoryCell.swift */; };
		F2FA54F927A661A200D07E64 /* DBAvatarImageView.swift in Sources */ = {isa = PBXBuildFile; fileRef = F2FA54F827A661A200D07E64 /* DBAvatarImageView.swift */; };
		F2FA54FB27A6662400D07E64 /* DBTitleLabel.swift in Sources */ = {isa = PBXBuildFile; fileRef = F2FA54FA27A6662400D07E64 /* DBTitleLabel.swift */; };
		F2FA54FF27A719F300D07E64 /* DBBodyLabel.swift in Sources */ = {isa = PBXBuildFile; fileRef = F2FA54FE27A719F300D07E64 /* DBBodyLabel.swift */; };
		F2FA550127A71A2300D07E64 /* DBSecondaryTitleLabel.swift in Sources */ = {isa = PBXBuildFile; fileRef = F2FA550027A71A2300D07E64 /* DBSecondaryTitleLabel.swift */; };
		F2FA550327A71A7E00D07E64 /* DBAlertVC.swift in Sources */ = {isa = PBXBuildFile; fileRef = F2FA550227A71A7E00D07E64 /* DBAlertVC.swift */; };
		F2FA550627A71AB600D07E64 /* DBAlertContainerView.swift in Sources */ = {isa = PBXBuildFile; fileRef = F2FA550527A71AB600D07E64 /* DBAlertContainerView.swift */; };
		F2FA550927A71B2600D07E64 /* DBButton.swift in Sources */ = {isa = PBXBuildFile; fileRef = F2FA550827A71B2600D07E64 /* DBButton.swift */; };
		F2FA550C27A71C6100D07E64 /* UIView+Ext.swift in Sources */ = {isa = PBXBuildFile; fileRef = F2FA550B27A71C6100D07E64 /* UIView+Ext.swift */; };
		F2FA551027A71CD600D07E64 /* UIViewController+Ext.swift in Sources */ = {isa = PBXBuildFile; fileRef = F2FA550F27A71CD600D07E64 /* UIViewController+Ext.swift */; };
		F2FA551627A7210500D07E64 /* DBDataLoadingVC.swift in Sources */ = {isa = PBXBuildFile; fileRef = F2FA551527A7210500D07E64 /* DBDataLoadingVC.swift */; };
/* End PBXBuildFile section */

/* Begin PBXFileReference section */
		F29D956E27A5DAFB00F09876 /* MealDB.app */ = {isa = PBXFileReference; explicitFileType = wrapper.application; includeInIndex = 0; path = MealDB.app; sourceTree = BUILT_PRODUCTS_DIR; };
		F29D957127A5DAFB00F09876 /* AppDelegate.swift */ = {isa = PBXFileReference; lastKnownFileType = sourcecode.swift; path = AppDelegate.swift; sourceTree = "<group>"; };
		F29D957327A5DAFB00F09876 /* SceneDelegate.swift */ = {isa = PBXFileReference; lastKnownFileType = sourcecode.swift; path = SceneDelegate.swift; sourceTree = "<group>"; };
		F29D957A27A5DAFC00F09876 /* Assets.xcassets */ = {isa = PBXFileReference; lastKnownFileType = folder.assetcatalog; path = Assets.xcassets; sourceTree = "<group>"; };
		F29D957D27A5DAFC00F09876 /* Base */ = {isa = PBXFileReference; lastKnownFileType = file.storyboard; name = Base; path = Base.lproj/LaunchScreen.storyboard; sourceTree = "<group>"; };
		F29D957F27A5DAFC00F09876 /* Info.plist */ = {isa = PBXFileReference; lastKnownFileType = text.plist.xml; path = Info.plist; sourceTree = "<group>"; };
		F29D958527A5DD8500F09876 /* DBTabBarController.swift */ = {isa = PBXFileReference; lastKnownFileType = sourcecode.swift; path = DBTabBarController.swift; sourceTree = "<group>"; };
		F29D958727A5E13000F09876 /* MealCategoryVC.swift */ = {isa = PBXFileReference; lastKnownFileType = sourcecode.swift; path = MealCategoryVC.swift; sourceTree = "<group>"; };
		F29D958927A5E25D00F09876 /* FavoritesListVC.swift */ = {isa = PBXFileReference; lastKnownFileType = sourcecode.swift; path = FavoritesListVC.swift; sourceTree = "<group>"; };
		F2FA54EB27A6546900D07E64 /* UIHelper.swift */ = {isa = PBXFileReference; lastKnownFileType = sourcecode.swift; path = UIHelper.swift; sourceTree = "<group>"; };
		F2FA54EE27A6566800D07E64 /* MealCategory.swift */ = {isa = PBXFileReference; lastKnownFileType = sourcecode.swift; path = MealCategory.swift; sourceTree = "<group>"; };
		F2FA54F127A656F400D07E64 /* NetworkManager.swift */ = {isa = PBXFileReference; lastKnownFileType = sourcecode.swift; path = NetworkManager.swift; sourceTree = "<group>"; };
		F2FA54F427A65D3000D07E64 /* DBError.swift */ = {isa = PBXFileReference; lastKnownFileType = sourcecode.swift; path = DBError.swift; sourceTree = "<group>"; };
		F2FA54F627A6610F00D07E64 /* MealCategoryCell.swift */ = {isa = PBXFileReference; lastKnownFileType = sourcecode.swift; path = MealCategoryCell.swift; sourceTree = "<group>"; };
		F2FA54F827A661A200D07E64 /* DBAvatarImageView.swift */ = {isa = PBXFileReference; lastKnownFileType = sourcecode.swift; path = DBAvatarImageView.swift; sourceTree = "<group>"; };
		F2FA54FA27A6662400D07E64 /* DBTitleLabel.swift */ = {isa = PBXFileReference; lastKnownFileType = sourcecode.swift; path = DBTitleLabel.swift; sourceTree = "<group>"; };
		F2FA54FE27A719F300D07E64 /* DBBodyLabel.swift */ = {isa = PBXFileReference; lastKnownFileType = sourcecode.swift; path = DBBodyLabel.swift; sourceTree = "<group>"; };
		F2FA550027A71A2300D07E64 /* DBSecondaryTitleLabel.swift */ = {isa = PBXFileReference; lastKnownFileType = sourcecode.swift; path = DBSecondaryTitleLabel.swift; sourceTree = "<group>"; };
		F2FA550227A71A7E00D07E64 /* DBAlertVC.swift */ = {isa = PBXFileReference; lastKnownFileType = sourcecode.swift; path = DBAlertVC.swift; sourceTree = "<group>"; };
		F2FA550527A71AB600D07E64 /* DBAlertContainerView.swift */ = {isa = PBXFileReference; lastKnownFileType = sourcecode.swift; path = DBAlertContainerView.swift; sourceTree = "<group>"; };
		F2FA550827A71B2600D07E64 /* DBButton.swift */ = {isa = PBXFileReference; lastKnownFileType = sourcecode.swift; path = DBButton.swift; sourceTree = "<group>"; };
		F2FA550B27A71C6100D07E64 /* UIView+Ext.swift */ = {isa = PBXFileReference; lastKnownFileType = sourcecode.swift; path = "UIView+Ext.swift"; sourceTree = "<group>"; };
		F2FA550F27A71CD600D07E64 /* UIViewController+Ext.swift */ = {isa = PBXFileReference; lastKnownFileType = sourcecode.swift; path = "UIViewController+Ext.swift"; sourceTree = "<group>"; };
		F2FA551527A7210500D07E64 /* DBDataLoadingVC.swift */ = {isa = PBXFileReference; lastKnownFileType = sourcecode.swift; path = DBDataLoadingVC.swift; sourceTree = "<group>"; };
/* End PBXFileReference section */

/* Begin PBXFrameworksBuildPhase section */
		F29D956B27A5DAFB00F09876 /* Frameworks */ = {
			isa = PBXFrameworksBuildPhase;
			buildActionMask = 2147483647;
			files = (
			);
			runOnlyForDeploymentPostprocessing = 0;
		};
/* End PBXFrameworksBuildPhase section */

/* Begin PBXGroup section */
		F29D956527A5DAFB00F09876 = {
			isa = PBXGroup;
			children = (
				F29D957027A5DAFB00F09876 /* MealDB */,
				F29D956F27A5DAFB00F09876 /* Products */,
			);
			sourceTree = "<group>";
		};
		F29D956F27A5DAFB00F09876 /* Products */ = {
			isa = PBXGroup;
			children = (
				F29D956E27A5DAFB00F09876 /* MealDB.app */,
			);
			name = Products;
			sourceTree = "<group>";
		};
		F29D957027A5DAFB00F09876 /* MealDB */ = {
			isa = PBXGroup;
			children = (
				F2FA550A27A71C5100D07E64 /* Extensions */,
				F2FA54FC27A719DA00D07E64 /* CustomViews */,
				F2FA54F027A656EC00D07E64 /* Managers */,
				F2FA54ED27A655B200D07E64 /* Model */,
				F2FA54EA27A6545000D07E64 /* Utilities */,
				F2FA54E927A653C100D07E64 /* Screens */,
				F29D958B27A5E48000F09876 /* Support */,
				F29D957F27A5DAFC00F09876 /* Info.plist */,
			);
			path = MealDB;
			sourceTree = "<group>";
		};
		F29D958B27A5E48000F09876 /* Support */ = {
			isa = PBXGroup;
			children = (
				F29D957A27A5DAFC00F09876 /* Assets.xcassets */,
				F29D957C27A5DAFC00F09876 /* LaunchScreen.storyboard */,
				F29D957327A5DAFB00F09876 /* SceneDelegate.swift */,
				F29D957127A5DAFB00F09876 /* AppDelegate.swift */,
			);
			path = Support;
			sourceTree = "<group>";
		};
		F2FA54E927A653C100D07E64 /* Screens */ = {
			isa = PBXGroup;
			children = (
				F29D958927A5E25D00F09876 /* FavoritesListVC.swift */,
				F29D958727A5E13000F09876 /* MealCategoryVC.swift */,
			);
			path = Screens;
			sourceTree = "<group>";
		};
		F2FA54EA27A6545000D07E64 /* Utilities */ = {
			isa = PBXGroup;
			children = (
				F2FA54EB27A6546900D07E64 /* UIHelper.swift */,
			);
			path = Utilities;
			sourceTree = "<group>";
		};
		F2FA54ED27A655B200D07E64 /* Model */ = {
			isa = PBXGroup;
			children = (
				F2FA54EE27A6566800D07E64 /* MealCategory.swift */,
			);
			path = Model;
			sourceTree = "<group>";
		};
		F2FA54F027A656EC00D07E64 /* Managers */ = {
			isa = PBXGroup;
			children = (
				F2FA54F127A656F400D07E64 /* NetworkManager.swift */,
			);
			path = Managers;
			sourceTree = "<group>";
		};
		F2FA54F327A65D2100D07E64 /* Alerts */ = {
			isa = PBXGroup;
			children = (
				F2FA54F427A65D3000D07E64 /* DBError.swift */,
				F2FA550227A71A7E00D07E64 /* DBAlertVC.swift */,
			);
			path = Alerts;
			sourceTree = "<group>";
		};
		F2FA54FC27A719DA00D07E64 /* CustomViews */ = {
			isa = PBXGroup;
			children = (
				F2FA551427A720EE00D07E64 /* ViewControllers */,
				F2FA551327A7205800D07E64 /* ImageView */,
				F2FA551227A7202500D07E64 /* Cells */,
				F2FA551127A7201400D07E64 /* TabBarControllers */,
				F2FA550727A71B1500D07E64 /* DBButton */,
				F2FA550427A71A9D00D07E64 /* Views */,
				F2FA54F327A65D2100D07E64 /* Alerts */,
				F2FA54FD27A719E100D07E64 /* Labels */,
			);
			path = CustomViews;
			sourceTree = "<group>";
		};
		F2FA54FD27A719E100D07E64 /* Labels */ = {
			isa = PBXGroup;
			children = (
				F2FA54FA27A6662400D07E64 /* DBTitleLabel.swift */,
				F2FA54FE27A719F300D07E64 /* DBBodyLabel.swift */,
				F2FA550027A71A2300D07E64 /* DBSecondaryTitleLabel.swift */,
			);
			path = Labels;
			sourceTree = "<group>";
		};
		F2FA550427A71A9D00D07E64 /* Views */ = {
			isa = PBXGroup;
			children = (
				F2FA550527A71AB600D07E64 /* DBAlertContainerView.swift */,
			);
			path = Views;
			sourceTree = "<group>";
		};
		F2FA550727A71B1500D07E64 /* DBButton */ = {
			isa = PBXGroup;
			children = (
				F2FA550827A71B2600D07E64 /* DBButton.swift */,
			);
			path = DBButton;
			sourceTree = "<group>";
		};
		F2FA550A27A71C5100D07E64 /* Extensions */ = {
			isa = PBXGroup;
			children = (
				F2FA550B27A71C6100D07E64 /* UIView+Ext.swift */,
				F2FA550F27A71CD600D07E64 /* UIViewController+Ext.swift */,
			);
			path = Extensions;
			sourceTree = "<group>";
		};
		F2FA551127A7201400D07E64 /* TabBarControllers */ = {
			isa = PBXGroup;
			children = (
				F29D958527A5DD8500F09876 /* DBTabBarController.swift */,
			);
			path = TabBarControllers;
			sourceTree = "<group>";
		};
		F2FA551227A7202500D07E64 /* Cells */ = {
			isa = PBXGroup;
			children = (
				F2FA54F627A6610F00D07E64 /* MealCategoryCell.swift */,
			);
			path = Cells;
			sourceTree = "<group>";
		};
		F2FA551327A7205800D07E64 /* ImageView */ = {
			isa = PBXGroup;
			children = (
				F2FA54F827A661A200D07E64 /* DBAvatarImageView.swift */,
			);
			path = ImageView;
			sourceTree = "<group>";
		};
		F2FA551427A720EE00D07E64 /* ViewControllers */ = {
			isa = PBXGroup;
			children = (
				F2FA551527A7210500D07E64 /* DBDataLoadingVC.swift */,
			);
			path = ViewControllers;
			sourceTree = "<group>";
		};
/* End PBXGroup section */

/* Begin PBXNativeTarget section */
		F29D956D27A5DAFB00F09876 /* MealDB */ = {
			isa = PBXNativeTarget;
			buildConfigurationList = F29D958227A5DAFC00F09876 /* Build configuration list for PBXNativeTarget "MealDB" */;
			buildPhases = (
				F29D956A27A5DAFB00F09876 /* Sources */,
				F29D956B27A5DAFB00F09876 /* Frameworks */,
				F29D956C27A5DAFB00F09876 /* Resources */,
			);
			buildRules = (
			);
			dependencies = (
			);
			name = MealDB;
			productName = MealsDB;
			productReference = F29D956E27A5DAFB00F09876 /* MealDB.app */;
			productType = "com.apple.product-type.application";
		};
/* End PBXNativeTarget section */

/* Begin PBXProject section */
		F29D956627A5DAFB00F09876 /* Project object */ = {
			isa = PBXProject;
			attributes = {
				BuildIndependentTargetsInParallel = 1;
				LastSwiftUpdateCheck = 1320;
				LastUpgradeCheck = 1320;
				TargetAttributes = {
					F29D956D27A5DAFB00F09876 = {
						CreatedOnToolsVersion = 13.2.1;
					};
				};
			};
			buildConfigurationList = F29D956927A5DAFB00F09876 /* Build configuration list for PBXProject "MealDB" */;
			compatibilityVersion = "Xcode 13.0";
			developmentRegion = en;
			hasScannedForEncodings = 0;
			knownRegions = (
				en,
				Base,
			);
			mainGroup = F29D956527A5DAFB00F09876;
			productRefGroup = F29D956F27A5DAFB00F09876 /* Products */;
			projectDirPath = "";
			projectRoot = "";
			targets = (
				F29D956D27A5DAFB00F09876 /* MealDB */,
			);
		};
/* End PBXProject section */

/* Begin PBXResourcesBuildPhase section */
		F29D956C27A5DAFB00F09876 /* Resources */ = {
			isa = PBXResourcesBuildPhase;
			buildActionMask = 2147483647;
			files = (
				F29D957E27A5DAFC00F09876 /* LaunchScreen.storyboard in Resources */,
				F29D957B27A5DAFC00F09876 /* Assets.xcassets in Resources */,
			);
			runOnlyForDeploymentPostprocessing = 0;
		};
/* End PBXResourcesBuildPhase section */

/* Begin PBXSourcesBuildPhase section */
		F29D956A27A5DAFB00F09876 /* Sources */ = {
			isa = PBXSourcesBuildPhase;
			buildActionMask = 2147483647;
			files = (
				F2FA551027A71CD600D07E64 /* UIViewController+Ext.swift in Sources */,
				F2FA550127A71A2300D07E64 /* DBSecondaryTitleLabel.swift in Sources */,
				F2FA550627A71AB600D07E64 /* DBAlertContainerView.swift in Sources */,
				F2FA551627A7210500D07E64 /* DBDataLoadingVC.swift in Sources */,
				F2FA54EF27A6566800D07E64 /* MealCategory.swift in Sources */,
				F29D958A27A5E25D00F09876 /* FavoritesListVC.swift in Sources */,
				F2FA550927A71B2600D07E64 /* DBButton.swift in Sources */,
				F29D958627A5DD8500F09876 /* DBTabBarController.swift in Sources */,
				F2FA54FF27A719F300D07E64 /* DBBodyLabel.swift in Sources */,
				F2FA550327A71A7E00D07E64 /* DBAlertVC.swift in Sources */,
				F2FA54F527A65D3000D07E64 /* DBError.swift in Sources */,
				F2FA54F727A6610F00D07E64 /* MealCategoryCell.swift in Sources */,
				F29D957227A5DAFB00F09876 /* AppDelegate.swift in Sources */,
				F2FA54F227A656F400D07E64 /* NetworkManager.swift in Sources */,
				F2FA54F927A661A200D07E64 /* DBAvatarImageView.swift in Sources */,
				F29D958827A5E13000F09876 /* MealCategoryVC.swift in Sources */,
				F2FA550C27A71C6100D07E64 /* UIView+Ext.swift in Sources */,
				F2FA54FB27A6662400D07E64 /* DBTitleLabel.swift in Sources */,
				F29D957427A5DAFB00F09876 /* SceneDelegate.swift in Sources */,
				F2FA54EC27A6546900D07E64 /* UIHelper.swift in Sources */,
			);
			runOnlyForDeploymentPostprocessing = 0;
		};
/* End PBXSourcesBuildPhase section */

/* Begin PBXVariantGroup section */
		F29D957C27A5DAFC00F09876 /* LaunchScreen.storyboard */ = {
			isa = PBXVariantGroup;
			children = (
				F29D957D27A5DAFC00F09876 /* Base */,
			);
			name = LaunchScreen.storyboard;
			sourceTree = "<group>";
		};
/* End PBXVariantGroup section */

/* Begin XCBuildConfiguration section */
		F29D958027A5DAFC00F09876 /* Debug */ = {
			isa = XCBuildConfiguration;
			buildSettings = {
				ALWAYS_SEARCH_USER_PATHS = NO;
				CLANG_ANALYZER_NONNULL = YES;
				CLANG_ANALYZER_NUMBER_OBJECT_CONVERSION = YES_AGGRESSIVE;
				CLANG_CXX_LANGUAGE_STANDARD = "gnu++17";
				CLANG_CXX_LIBRARY = "libc++";
				CLANG_ENABLE_MODULES = YES;
				CLANG_ENABLE_OBJC_ARC = YES;
				CLANG_ENABLE_OBJC_WEAK = YES;
				CLANG_WARN_BLOCK_CAPTURE_AUTORELEASING = YES;
				CLANG_WARN_BOOL_CONVERSION = YES;
				CLANG_WARN_COMMA = YES;
				CLANG_WARN_CONSTANT_CONVERSION = YES;
				CLANG_WARN_DEPRECATED_OBJC_IMPLEMENTATIONS = YES;
				CLANG_WARN_DIRECT_OBJC_ISA_USAGE = YES_ERROR;
				CLANG_WARN_DOCUMENTATION_COMMENTS = YES;
				CLANG_WARN_EMPTY_BODY = YES;
				CLANG_WARN_ENUM_CONVERSION = YES;
				CLANG_WARN_INFINITE_RECURSION = YES;
				CLANG_WARN_INT_CONVERSION = YES;
				CLANG_WARN_NON_LITERAL_NULL_CONVERSION = YES;
				CLANG_WARN_OBJC_IMPLICIT_RETAIN_SELF = YES;
				CLANG_WARN_OBJC_LITERAL_CONVERSION = YES;
				CLANG_WARN_OBJC_ROOT_CLASS = YES_ERROR;
				CLANG_WARN_QUOTED_INCLUDE_IN_FRAMEWORK_HEADER = YES;
				CLANG_WARN_RANGE_LOOP_ANALYSIS = YES;
				CLANG_WARN_STRICT_PROTOTYPES = YES;
				CLANG_WARN_SUSPICIOUS_MOVE = YES;
				CLANG_WARN_UNGUARDED_AVAILABILITY = YES_AGGRESSIVE;
				CLANG_WARN_UNREACHABLE_CODE = YES;
				CLANG_WARN__DUPLICATE_METHOD_MATCH = YES;
				COPY_PHASE_STRIP = NO;
				DEBUG_INFORMATION_FORMAT = dwarf;
				ENABLE_STRICT_OBJC_MSGSEND = YES;
				ENABLE_TESTABILITY = YES;
				GCC_C_LANGUAGE_STANDARD = gnu11;
				GCC_DYNAMIC_NO_PIC = NO;
				GCC_NO_COMMON_BLOCKS = YES;
				GCC_OPTIMIZATION_LEVEL = 0;
				GCC_PREPROCESSOR_DEFINITIONS = (
					"DEBUG=1",
					"$(inherited)",
				);
				GCC_WARN_64_TO_32_BIT_CONVERSION = YES;
				GCC_WARN_ABOUT_RETURN_TYPE = YES_ERROR;
				GCC_WARN_UNDECLARED_SELECTOR = YES;
				GCC_WARN_UNINITIALIZED_AUTOS = YES_AGGRESSIVE;
				GCC_WARN_UNUSED_FUNCTION = YES;
				GCC_WARN_UNUSED_VARIABLE = YES;
				IPHONEOS_DEPLOYMENT_TARGET = 15.2;
				MTL_ENABLE_DEBUG_INFO = INCLUDE_SOURCE;
				MTL_FAST_MATH = YES;
				ONLY_ACTIVE_ARCH = YES;
				SDKROOT = iphoneos;
				SWIFT_ACTIVE_COMPILATION_CONDITIONS = DEBUG;
				SWIFT_OPTIMIZATION_LEVEL = "-Onone";
			};
			name = Debug;
		};
		F29D958127A5DAFC00F09876 /* Release */ = {
			isa = XCBuildConfiguration;
			buildSettings = {
				ALWAYS_SEARCH_USER_PATHS = NO;
				CLANG_ANALYZER_NONNULL = YES;
				CLANG_ANALYZER_NUMBER_OBJECT_CONVERSION = YES_AGGRESSIVE;
				CLANG_CXX_LANGUAGE_STANDARD = "gnu++17";
				CLANG_CXX_LIBRARY = "libc++";
				CLANG_ENABLE_MODULES = YES;
				CLANG_ENABLE_OBJC_ARC = YES;
				CLANG_ENABLE_OBJC_WEAK = YES;
				CLANG_WARN_BLOCK_CAPTURE_AUTORELEASING = YES;
				CLANG_WARN_BOOL_CONVERSION = YES;
				CLANG_WARN_COMMA = YES;
				CLANG_WARN_CONSTANT_CONVERSION = YES;
				CLANG_WARN_DEPRECATED_OBJC_IMPLEMENTATIONS = YES;
				CLANG_WARN_DIRECT_OBJC_ISA_USAGE = YES_ERROR;
				CLANG_WARN_DOCUMENTATION_COMMENTS = YES;
				CLANG_WARN_EMPTY_BODY = YES;
				CLANG_WARN_ENUM_CONVERSION = YES;
				CLANG_WARN_INFINITE_RECURSION = YES;
				CLANG_WARN_INT_CONVERSION = YES;
				CLANG_WARN_NON_LITERAL_NULL_CONVERSION = YES;
				CLANG_WARN_OBJC_IMPLICIT_RETAIN_SELF = YES;
				CLANG_WARN_OBJC_LITERAL_CONVERSION = YES;
				CLANG_WARN_OBJC_ROOT_CLASS = YES_ERROR;
				CLANG_WARN_QUOTED_INCLUDE_IN_FRAMEWORK_HEADER = YES;
				CLANG_WARN_RANGE_LOOP_ANALYSIS = YES;
				CLANG_WARN_STRICT_PROTOTYPES = YES;
				CLANG_WARN_SUSPICIOUS_MOVE = YES;
				CLANG_WARN_UNGUARDED_AVAILABILITY = YES_AGGRESSIVE;
				CLANG_WARN_UNREACHABLE_CODE = YES;
				CLANG_WARN__DUPLICATE_METHOD_MATCH = YES;
				COPY_PHASE_STRIP = NO;
				DEBUG_INFORMATION_FORMAT = "dwarf-with-dsym";
				ENABLE_NS_ASSERTIONS = NO;
				ENABLE_STRICT_OBJC_MSGSEND = YES;
				GCC_C_LANGUAGE_STANDARD = gnu11;
				GCC_NO_COMMON_BLOCKS = YES;
				GCC_WARN_64_TO_32_BIT_CONVERSION = YES;
				GCC_WARN_ABOUT_RETURN_TYPE = YES_ERROR;
				GCC_WARN_UNDECLARED_SELECTOR = YES;
				GCC_WARN_UNINITIALIZED_AUTOS = YES_AGGRESSIVE;
				GCC_WARN_UNUSED_FUNCTION = YES;
				GCC_WARN_UNUSED_VARIABLE = YES;
				IPHONEOS_DEPLOYMENT_TARGET = 15.2;
				MTL_ENABLE_DEBUG_INFO = NO;
				MTL_FAST_MATH = YES;
				SDKROOT = iphoneos;
				SWIFT_COMPILATION_MODE = wholemodule;
				SWIFT_OPTIMIZATION_LEVEL = "-O";
				VALIDATE_PRODUCT = YES;
			};
			name = Release;
		};
		F29D958327A5DAFC00F09876 /* Debug */ = {
			isa = XCBuildConfiguration;
			buildSettings = {
				ASSETCATALOG_COMPILER_APPICON_NAME = AppIcon;
				ASSETCATALOG_COMPILER_GLOBAL_ACCENT_COLOR_NAME = AccentColor;
				CODE_SIGN_STYLE = Automatic;
				CURRENT_PROJECT_VERSION = 1;
				DEVELOPMENT_TEAM = Y93A3T5V6X;
				GENERATE_INFOPLIST_FILE = YES;
				INFOPLIST_FILE = MealDB/Info.plist;
				INFOPLIST_KEY_UIApplicationSupportsIndirectInputEvents = YES;
				INFOPLIST_KEY_UILaunchStoryboardName = LaunchScreen;
				INFOPLIST_KEY_UIMainStoryboardFile = "";
				INFOPLIST_KEY_UISupportedInterfaceOrientations = UIInterfaceOrientationPortrait;
				INFOPLIST_KEY_UISupportedInterfaceOrientations_iPad = "UIInterfaceOrientationPortrait UIInterfaceOrientationPortraitUpsideDown UIInterfaceOrientationLandscapeLeft UIInterfaceOrientationLandscapeRight";
				INFOPLIST_KEY_UISupportedInterfaceOrientations_iPhone = "UIInterfaceOrientationPortrait UIInterfaceOrientationLandscapeLeft UIInterfaceOrientationLandscapeRight";
				LD_RUNPATH_SEARCH_PATHS = (
					"$(inherited)",
					"@executable_path/Frameworks",
				);
				MARKETING_VERSION = 1.0;
				PRODUCT_BUNDLE_IDENTIFIER = com.kevinmhankes.MealDB;
				PRODUCT_NAME = "$(TARGET_NAME)";
				SWIFT_EMIT_LOC_STRINGS = YES;
				SWIFT_VERSION = 5.0;
				TARGETED_DEVICE_FAMILY = "1,2";
			};
			name = Debug;
		};
		F29D958427A5DAFC00F09876 /* Release */ = {
			isa = XCBuildConfiguration;
			buildSettings = {
				ASSETCATALOG_COMPILER_APPICON_NAME = AppIcon;
				ASSETCATALOG_COMPILER_GLOBAL_ACCENT_COLOR_NAME = AccentColor;
				CODE_SIGN_STYLE = Automatic;
				CURRENT_PROJECT_VERSION = 1;
				DEVELOPMENT_TEAM = Y93A3T5V6X;
				GENERATE_INFOPLIST_FILE = YES;
				INFOPLIST_FILE = MealDB/Info.plist;
				INFOPLIST_KEY_UIApplicationSupportsIndirectInputEvents = YES;
				INFOPLIST_KEY_UILaunchStoryboardName = LaunchScreen;
				INFOPLIST_KEY_UIMainStoryboardFile = "";
				INFOPLIST_KEY_UISupportedInterfaceOrientations = UIInterfaceOrientationPortrait;
				INFOPLIST_KEY_UISupportedInterfaceOrientations_iPad = "UIInterfaceOrientationPortrait UIInterfaceOrientationPortraitUpsideDown UIInterfaceOrientationLandscapeLeft UIInterfaceOrientationLandscapeRight";
				INFOPLIST_KEY_UISupportedInterfaceOrientations_iPhone = "UIInterfaceOrientationPortrait UIInterfaceOrientationLandscapeLeft UIInterfaceOrientationLandscapeRight";
				LD_RUNPATH_SEARCH_PATHS = (
					"$(inherited)",
					"@executable_path/Frameworks",
				);
				MARKETING_VERSION = 1.0;
				PRODUCT_BUNDLE_IDENTIFIER = com.kevinmhankes.MealDB;
				PRODUCT_NAME = "$(TARGET_NAME)";
				SWIFT_EMIT_LOC_STRINGS = YES;
				SWIFT_VERSION = 5.0;
				TARGETED_DEVICE_FAMILY = "1,2";
			};
			name = Release;
		};
/* End XCBuildConfiguration section */

/* Begin XCConfigurationList section */
		F29D956927A5DAFB00F09876 /* Build configuration list for PBXProject "MealDB" */ = {
			isa = XCConfigurationList;
			buildConfigurations = (
				F29D958027A5DAFC00F09876 /* Debug */,
				F29D958127A5DAFC00F09876 /* Release */,
			);
			defaultConfigurationIsVisible = 0;
			defaultConfigurationName = Release;
		};
		F29D958227A5DAFC00F09876 /* Build configuration list for PBXNativeTarget "MealDB" */ = {
			isa = XCConfigurationList;
			buildConfigurations = (
				F29D958327A5DAFC00F09876 /* Debug */,
				F29D958427A5DAFC00F09876 /* Release */,
			);
			defaultConfigurationIsVisible = 0;
			defaultConfigurationName = Release;
		};
/* End XCConfigurationList section */
	};
	rootObject = F29D956627A5DAFB00F09876 /* Project object */;
}
